
Microsoft Visual Studio Solution File, Format Version 12.00
# Visual Studio Version 16
VisualStudioVersion = 16.0.29728.190
MinimumVisualStudioVersion = 10.0.40219.1
Project("{8BC9CEB8-8B4A-11D0-8D11-00A0C91BC942}") = "Stack(Array)", "Stack(Array).vcxproj", "{E6C26A73-C6F5-4361-BF3F-29FC72B5EF4C}"
EndProject
Global
	GlobalSection(SolutionConfigurationPlatforms) = preSolution
		Debug|x64 = Debug|x64
		Debug|x86 = Debug|x86
		Release|x64 = Release|x64
		Release|x86 = Release|x86
	EndGlobalSection
	GlobalSection(ProjectConfigurationPlatforms) = postSolution
		{E6C26A73-C6F5-4361-BF3F-29FC72B5EF4C}.Debug|x64.ActiveCfg = Debug|x64
		{E6C26A73-C6F5-4361-BF3F-29FC72B5EF4C}.Debug|x64.Build.0 = Debug|x64
		{E6C26A73-C6F5-4361-BF3F-29FC72B5EF4C}.Debug|x86.ActiveCfg = Debug|Win32
		{E6C26A73-C6F5-4361-BF3F-29FC72B5EF4C}.Debug|x86.Build.0 = Debug|Win32
		{E6C26A73-C6F5-4361-BF3F-29FC72B5EF4C}.Release|x64.ActiveCfg = Release|x64
		{E6C26A73-C6F5-4361-BF3F-29FC72B5EF4C}.Release|x64.Build.0 = Release|x64
		{E6C26A73-C6F5-4361-BF3F-29FC72B5EF4C}.Release|x86.ActiveCfg = Release|Win32
		{E6C26A73-C6F5-4361-BF3F-29FC72B5EF4C}.Release|x86.Build.0 = Release|Win32
	EndGlobalSection
	GlobalSection(SolutionProperties) = preSolution
		HideSolutionNode = FALSE
	EndGlobalSection
	GlobalSection(ExtensibilityGlobals) = postSolution
		SolutionGuid = {22B3E0B9-C094-425E-B5E5-1B99EB2C8D06}
	EndGlobalSection
EndGlobal
